
Microsoft Visual Studio Solution File, Format Version 10.00
# Visual Studio 2008
Project("{FAE04EC0-301F-11D3-BF4B-00C04F79EFBC}") = "WidgetForm", "WidgetForm\WidgetForm.csproj", "{B1B0926D-801C-427E-965B-B8126532D912}"
	ProjectSection(ProjectDependencies) = postProject
		{F93374F3-2CAB-4B3F-9619-830453D99770} = {F93374F3-2CAB-4B3F-9619-830453D99770}
	EndProjectSection
EndProject
Project("{FAE04EC0-301F-11D3-BF4B-00C04F79EFBC}") = "AutoDockManage", "AutoDockManage\AutoDockManage.csproj", "{F93374F3-2CAB-4B3F-9619-830453D99770}"
EndProject
Project("{FAE04EC0-301F-11D3-BF4B-00C04F79EFBC}") = "Plugins", "Plugins\Plugins.csproj", "{A366206B-62F7-4B03-A45B-5A02B2AB8ACF}"
EndProject
Project("{FAE04EC0-301F-11D3-BF4B-00C04F79EFBC}") = "《Solution》", "Solution\《Solution》.csproj", "{C226A127-A55B-4E42-AE97-486171812257}"
EndProject
Project("{FAE04EC0-301F-11D3-BF4B-00C04F79EFBC}") = "SSOService", "SSOService\SSOService.csproj", "{A62D9155-BDAE-4FE0-A12C-AA1F6563A8BF}"
EndProject
Project("{FAE04EC0-301F-11D3-BF4B-00C04F79EFBC}") = "WidgetsManager", "WidgetsManager\WidgetsManager.csproj", "{B0B506A0-26CE-45E9-B0EA-E6CF67376278}"
EndProject
Project("{FAE04EC0-301F-11D3-BF4B-00C04F79EFBC}") = "DemoPlugin", "DemoPlugin\DemoPlugin.csproj", "{44ECA18B-A3B7-4783-97A7-F7F37FDD0326}"
EndProject
Project("{FAE04EC0-301F-11D3-BF4B-00C04F79EFBC}") = "WidgetFormLoaderPlugin", "WidgetFormLoaderPlugin\WidgetFormLoaderPlugin.csproj", "{4D87819D-56B5-4CA0-B103-F5B5C2410832}"
EndProject
Project("{FAE04EC0-301F-11D3-BF4B-00C04F79EFBC}") = "0_TopWidgets_Test", "0_TopWidgets_Test\0_TopWidgets_Test.csproj", "{B742B948-C4FA-47F2-8B3C-F11F2757B376}"
EndProject
Global
	GlobalSection(SolutionConfigurationPlatforms) = preSolution
		Debug|Any CPU = Debug|Any CPU
		Release|Any CPU = Release|Any CPU
	EndGlobalSection
	GlobalSection(ProjectConfigurationPlatforms) = postSolution
		{B1B0926D-801C-427E-965B-B8126532D912}.Debug|Any CPU.ActiveCfg = Debug|Any CPU
		{B1B0926D-801C-427E-965B-B8126532D912}.Debug|Any CPU.Build.0 = Debug|Any CPU
		{B1B0926D-801C-427E-965B-B8126532D912}.Release|Any CPU.ActiveCfg = Release|Any CPU
		{B1B0926D-801C-427E-965B-B8126532D912}.Release|Any CPU.Build.0 = Release|Any CPU
		{F93374F3-2CAB-4B3F-9619-830453D99770}.Debug|Any CPU.ActiveCfg = Debug|Any CPU
		{F93374F3-2CAB-4B3F-9619-830453D99770}.Debug|Any CPU.Build.0 = Debug|Any CPU
		{F93374F3-2CAB-4B3F-9619-830453D99770}.Release|Any CPU.ActiveCfg = Release|Any CPU
		{F93374F3-2CAB-4B3F-9619-830453D99770}.Release|Any CPU.Build.0 = Release|Any CPU
		{A366206B-62F7-4B03-A45B-5A02B2AB8ACF}.Debug|Any CPU.ActiveCfg = Debug|Any CPU
		{A366206B-62F7-4B03-A45B-5A02B2AB8ACF}.Debug|Any CPU.Build.0 = Debug|Any CPU
		{A366206B-62F7-4B03-A45B-5A02B2AB8ACF}.Release|Any CPU.ActiveCfg = Release|Any CPU
		{A366206B-62F7-4B03-A45B-5A02B2AB8ACF}.Release|Any CPU.Build.0 = Release|Any CPU
		{C226A127-A55B-4E42-AE97-486171812257}.Debug|Any CPU.ActiveCfg = Debug|Any CPU
		{C226A127-A55B-4E42-AE97-486171812257}.Debug|Any CPU.Build.0 = Debug|Any CPU
		{C226A127-A55B-4E42-AE97-486171812257}.Release|Any CPU.ActiveCfg = Release|Any CPU
		{C226A127-A55B-4E42-AE97-486171812257}.Release|Any CPU.Build.0 = Release|Any CPU
		{A62D9155-BDAE-4FE0-A12C-AA1F6563A8BF}.Debug|Any CPU.ActiveCfg = Debug|Any CPU
		{A62D9155-BDAE-4FE0-A12C-AA1F6563A8BF}.Debug|Any CPU.Build.0 = Debug|Any CPU
		{A62D9155-BDAE-4FE0-A12C-AA1F6563A8BF}.Release|Any CPU.ActiveCfg = Release|Any CPU
		{A62D9155-BDAE-4FE0-A12C-AA1F6563A8BF}.Release|Any CPU.Build.0 = Release|Any CPU
		{B0B506A0-26CE-45E9-B0EA-E6CF67376278}.Debug|Any CPU.ActiveCfg = Debug|Any CPU
		{B0B506A0-26CE-45E9-B0EA-E6CF67376278}.Debug|Any CPU.Build.0 = Debug|Any CPU
		{B0B506A0-26CE-45E9-B0EA-E6CF67376278}.Release|Any CPU.ActiveCfg = Release|Any CPU
		{B0B506A0-26CE-45E9-B0EA-E6CF67376278}.Release|Any CPU.Build.0 = Release|Any CPU
		{44ECA18B-A3B7-4783-97A7-F7F37FDD0326}.Debug|Any CPU.ActiveCfg = Debug|Any CPU
		{44ECA18B-A3B7-4783-97A7-F7F37FDD0326}.Debug|Any CPU.Build.0 = Debug|Any CPU
		{44ECA18B-A3B7-4783-97A7-F7F37FDD0326}.Release|Any CPU.ActiveCfg = Release|Any CPU
		{44ECA18B-A3B7-4783-97A7-F7F37FDD0326}.Release|Any CPU.Build.0 = Release|Any CPU
		{4D87819D-56B5-4CA0-B103-F5B5C2410832}.Debug|Any CPU.ActiveCfg = Debug|Any CPU
		{4D87819D-56B5-4CA0-B103-F5B5C2410832}.Debug|Any CPU.Build.0 = Debug|Any CPU
		{4D87819D-56B5-4CA0-B103-F5B5C2410832}.Release|Any CPU.ActiveCfg = Release|Any CPU
		{4D87819D-56B5-4CA0-B103-F5B5C2410832}.Release|Any CPU.Build.0 = Release|Any CPU
		{B742B948-C4FA-47F2-8B3C-F11F2757B376}.Debug|Any CPU.ActiveCfg = Debug|Any CPU
		{B742B948-C4FA-47F2-8B3C-F11F2757B376}.Debug|Any CPU.Build.0 = Debug|Any CPU
		{B742B948-C4FA-47F2-8B3C-F11F2757B376}.Release|Any CPU.ActiveCfg = Release|Any CPU
		{B742B948-C4FA-47F2-8B3C-F11F2757B376}.Release|Any CPU.Build.0 = Release|Any CPU
	EndGlobalSection
	GlobalSection(SolutionProperties) = preSolution
		HideSolutionNode = FALSE
	EndGlobalSection
EndGlobal
